# This file was generated by Aiken
# You typically do not need to edit this file

[[requirements]]
name = "aiken-lang/stdlib"
version = "v3.0.0"
source = "github"

[[requirements]]
name = "pyth-network/pyth-lazer-cardano"
version = "f78b67654c871825d66e620c59a703df8843c7b8"
source = "github"

[[packages]]
name = "aiken-lang/stdlib"
version = "v3.0.0"
requirements = []
source = "github"

[[packages]]
name = "pyth-network/pyth-lazer-cardano"
version = "f78b67654c871825d66e620c59a703df8843c7b8"
requirements = []
source = "github"

[etags]
