{
  "name": "mint-nft",
  "version": "1.0.0",
  "lockfileVersion": 3,
  "requires": true,
  "packages": {
    "": {
      "name": "mint-nft",
      "version": "1.0.0",
      "license": "ISC",
      "dependencies": {
        "@pythnetwork/entropy-sdk-solidity": "^2.0.0"
      }
    },
    "node_modules/@pythnetwork/entropy-sdk-solidity": {
      "version": "2.0.0",
      "resolved": "https://registry.npmjs.org/@pythnetwork/entropy-sdk-solidity/-/entropy-sdk-solidity-2.0.0.tgz",
      "integrity": "sha512-VgxSax4e58skgffYrHkd6V0dSR8jxzpoY2ugLJJTxavyBYfPncrirwg+WzuknUa0bFmeCE3G335nWSZbJDOjVQ==",
      "license": "Apache-2.0"
    }
  }
}
