{
  "name": "pyth_7702_lending",
  "version": "1.0.0",
  "lockfileVersion": 3,
  "requires": true,
  "packages": {
    "": {
      "name": "pyth_7702_lending",
      "version": "1.0.0",
      "license": "ISC",
      "dependencies": {
        "@pythnetwork/pyth-sdk-solidity": "^4.1.0"
      }
    },
    "node_modules/@pythnetwork/pyth-sdk-solidity": {
      "version": "4.1.0",
      "resolved": "https://registry.npmjs.org/@pythnetwork/pyth-sdk-solidity/-/pyth-sdk-solidity-4.1.0.tgz",
      "integrity": "sha512-SPqaWH1fKwYbdTsyTLGuSqCYDEEgCXw0SFW0KaOFRgzcGYcdZY/DYWhedCzFNb9lY/1RTk+ucgTtxO5e3Z1fIg==",
      "license": "Apache-2.0"
    }
  }
}
